
Microsoft Visual Studio Solution File, Format Version 12.00
# Visual Studio Version 17
VisualStudioVersion = 17.9.34728.123
MinimumVisualStudioVersion = 10.0.40219.1
Project("{F2A71F9B-5D33-465A-A702-920D77279786}") = "Project23", "Project23.fsproj", "{46976AA1-7024-4651-AED9-1006A4F389E6}"
EndProject
Global
	GlobalSection(SolutionConfigurationPlatforms) = preSolution
		Debug|Any CPU = Debug|Any CPU
		Release|Any CPU = Release|Any CPU
	EndGlobalSection
	GlobalSection(ProjectConfigurationPlatforms) = postSolution
		{46976AA1-7024-4651-AED9-1006A4F389E6}.Debug|Any CPU.ActiveCfg = Debug|Any CPU
		{46976AA1-7024-4651-AED9-1006A4F389E6}.Debug|Any CPU.Build.0 = Debug|Any CPU
		{46976AA1-7024-4651-AED9-1006A4F389E6}.Release|Any CPU.ActiveCfg = Release|Any CPU
		{46976AA1-7024-4651-AED9-1006A4F389E6}.Release|Any CPU.Build.0 = Release|Any CPU
	EndGlobalSection
	GlobalSection(SolutionProperties) = preSolution
		HideSolutionNode = FALSE
	EndGlobalSection
	GlobalSection(ExtensibilityGlobals) = postSolution
		SolutionGuid = {362A0097-24E0-4525-81DA-19023940B733}
	EndGlobalSection
EndGlobal
